
Microsoft Visual Studio Solution File, Format Version 12.00
# Visual Studio 2012
Project("{FAE04EC0-301F-11D3-BF4B-00C04F79EFBC}") = "Hur många versaler", "Hur många versaler\Hur många versaler.csproj", "{92C1FC45-1D23-4812-B756-106D012A4DDE}"
EndProject
Global
	GlobalSection(SolutionConfigurationPlatforms) = preSolution
		Debug|Any CPU = Debug|Any CPU
		Release|Any CPU = Release|Any CPU
	EndGlobalSection
	GlobalSection(ProjectConfigurationPlatforms) = postSolution
		{92C1FC45-1D23-4812-B756-106D012A4DDE}.Debug|Any CPU.ActiveCfg = Debug|Any CPU
		{92C1FC45-1D23-4812-B756-106D012A4DDE}.Debug|Any CPU.Build.0 = Debug|Any CPU
		{92C1FC45-1D23-4812-B756-106D012A4DDE}.Release|Any CPU.ActiveCfg = Release|Any CPU
		{92C1FC45-1D23-4812-B756-106D012A4DDE}.Release|Any CPU.Build.0 = Release|Any CPU
	EndGlobalSection
	GlobalSection(SolutionProperties) = preSolution
		HideSolutionNode = FALSE
	EndGlobalSection
EndGlobal
